
Microsoft Visual Studio Solution File, Format Version 12.00
# Visual Studio Version 17
VisualStudioVersion = 17.13.35818.85 d17.13
MinimumVisualStudioVersion = 10.0.40219.1
Project("{FAE04EC0-301F-11D3-BF4B-00C04F79EFBC}") = "guidedModul14_Andera Singgih", "guidedModul14_Andera Singgih.csproj", "{DE82B962-8E26-4044-9D70-18904C259884}"
EndProject
Global
	GlobalSection(SolutionConfigurationPlatforms) = preSolution
		Debug|Any CPU = Debug|Any CPU
		Release|Any CPU = Release|Any CPU
	EndGlobalSection
	GlobalSection(ProjectConfigurationPlatforms) = postSolution
		{DE82B962-8E26-4044-9D70-18904C259884}.Debug|Any CPU.ActiveCfg = Debug|Any CPU
		{DE82B962-8E26-4044-9D70-18904C259884}.Debug|Any CPU.Build.0 = Debug|Any CPU
		{DE82B962-8E26-4044-9D70-18904C259884}.Release|Any CPU.ActiveCfg = Release|Any CPU
		{DE82B962-8E26-4044-9D70-18904C259884}.Release|Any CPU.Build.0 = Release|Any CPU
	EndGlobalSection
	GlobalSection(SolutionProperties) = preSolution
		HideSolutionNode = FALSE
	EndGlobalSection
	GlobalSection(ExtensibilityGlobals) = postSolution
		SolutionGuid = {D065DBEE-61DE-4FF4-8FF4-227BE176C416}
	EndGlobalSection
EndGlobal
